github.com/IBM/fp-go v1.0.81 h1:n5mcUvuEnVyx+CmtRZ2mPD1G1vFfMDH5X9Pmdsh2yI8=
github.com/IBM/fp-go v1.0.81/go.mod h1:xWixRkBAKQJpZpZXJDHkQccoURnROHydNVG7BloyF4Y=
github.com/IBM/fp-go v1.0.82 h1:TjPh0zbO4U7L3doerB8CmUTPHe+bqobME2dF49/6xk0=
github.com/IBM/fp-go v1.0.82/go.mod h1:xWixRkBAKQJpZpZXJDHkQccoURnROHydNVG7BloyF4Y=
github.com/IBM/fp-go v1.0.84 h1:XT/hsb1cyWJjJG5HBpbcEJMxD9XmbM5h2PjYvJlpKgI=
github.com/IBM/fp-go v1.0.84/go.mod h1:xWixRkBAKQJpZpZXJDHkQccoURnROHydNVG7BloyF4Y=
github.com/IBM/fp-go v1.0.87 h1:JGjpGfDRILAMFrFuN3PmOpCe6LUAMROEFL11PLNcVa4=
github.com/IBM/fp-go v1.0.87/go.mod h1:/BFhWzs0RG4zTORwAvQf8m503Sb5KbScKP/QG+KDJaA=
github.com/IBM/fp-go v1.0.89 h1:+7ENoQkulriZRVD+B1qd/sc/wLxo/3sPVnbGcR8EGPE=
github.com/IBM/fp-go v1.0.89/go.mod h1:/BFhWzs0RG4zTORwAvQf8m503Sb5KbScKP/QG+KDJaA=
github.com/IBM/fp-go v1.0.90 h1:HdWK+Yk8p2sZClXk6ATJNxu7oeyidbUK5+7qxJ5CbzU=
github.com/IBM/fp-go v1.0.90/go.mod h1:SzCXphq0RsBDBJfcsSP6feEy7sr3IXwpQxheUFSju3s=
github.com/IBM/fp-go v1.0.91 h1:m1GkXNkRTso6Pvgobw+Z4umvnqyk6iUvYlSh+lxQKf8=
github.com/IBM/fp-go v1.0.91/go.mod h1:qqstC2fZZZajHWYAIj6GGxqiKnnWiBjfJzGRcB3mqGs=
github.com/IBM/fp-go v1.0.93 h1:ncZPshY/choyO1g5FwXqlg/LVQYkoA4irNc1wuIGYoo=
github.com/IBM/fp-go v1.0.93/go.mod h1:qqstC2fZZZajHWYAIj6GGxqiKnnWiBjfJzGRcB3mqGs=
github.com/IBM/fp-go v1.0.94 h1:g4IUO6Djp8rb4hgX0nUsVdLiBKo5ik0txxgSza7ZIyw=
github.com/IBM/fp-go v1.0.94/go.mod h1:qqstC2fZZZajHWYAIj6GGxqiKnnWiBjfJzGRcB3mqGs=
github.com/IBM/fp-go v1.0.96 h1:RGx45ZvZN9qaz6cEiBOuDIgHE+LyVqf2fGhmwT/UHVU=
github.com/IBM/fp-go v1.0.96/go.mod h1:qqstC2fZZZajHWYAIj6GGxqiKnnWiBjfJzGRcB3mqGs=
github.com/IBM/fp-go v1.0.98 h1:pdcFFbCPwcdWtdix4UrV0cD4IcQ6xHq06Jlyzc/0GoY=
github.com/IBM/fp-go v1.0.98/go.mod h1:qqstC2fZZZajHWYAIj6GGxqiKnnWiBjfJzGRcB3mqGs=
github.com/IBM/fp-go v1.0.100 h1:p4IGw1+/WaI7Ab5ymkHg733DK3L3cAQXp1sryw3GIto=
github.com/IBM/fp-go v1.0.100/go.mod h1:qqstC2fZZZajHWYAIj6GGxqiKnnWiBjfJzGRcB3mqGs=
github.com/IBM/fp-go v1.0.101 h1:QzUhm4YUODz2NfcNHgQIl6D4Dn2A0/uhceR4tOOxrkw=
github.com/IBM/fp-go v1.0.101/go.mod h1:qqstC2fZZZajHWYAIj6GGxqiKnnWiBjfJzGRcB3mqGs=
github.com/IBM/fp-go v1.0.102 h1:ohayX9XDLUqI2Bq13dqcWXOhsz25RE0dGw2SzvKr4+Q=
github.com/IBM/fp-go v1.0.102/go.mod h1:qqstC2fZZZajHWYAIj6GGxqiKnnWiBjfJzGRcB3mqGs=
github.com/IBM/fp-go v1.0.103 h1:kdUgoL4kv+tkHWHhE0vlMRzMlxxaPOPdLYMpJRTOSfE=
github.com/IBM/fp-go v1.0.103/go.mod h1:qqstC2fZZZajHWYAIj6GGxqiKnnWiBjfJzGRcB3mqGs=
github.com/IBM/fp-go v1.0.106 h1:X6Ihcjts5PsXJAVAhSYaht4cGr5OA6nmPCGVFWljZMs=
github.com/IBM/fp-go v1.0.106/go.mod h1:qqstC2fZZZajHWYAIj6GGxqiKnnWiBjfJzGRcB3mqGs=
github.com/Masterminds/semver v1.5.0 h1:H65muMkzWKEuNDnfl9d70GUjFniHKHRbFPGBuZ3QEww=
github.com/Masterminds/semver v1.5.0/go.mod h1:MB6lktGJrhw8PrUyiEoblNEGEQ+RzHPF078ddwwvV3Y=
github.com/cpuguy83/go-md2man/v2 v2.0.3 h1:qMCsGGgs+MAzDFyp9LpAe1Lqy/fY/qCovCm0qnXZOBM=
github.com/cpuguy83/go-md2man/v2 v2.0.3/go.mod h1:tgQtvFlXSQOSOSIRvRPT7W67SCa46tRHOmNcaadrF8o=
github.com/davecgh/go-spew v1.1.0/go.mod h1:J7Y8YcW2NihsgmVo/mv3lAwl/skON4iLHjSsI+c5H38=
github.com/davecgh/go-spew v1.1.1 h1:vj9j/u1bqnvCEfJOwUhtlOARqs3+rkHYY13jYWTU97c=
github.com/davecgh/go-spew v1.1.1/go.mod h1:J7Y8YcW2NihsgmVo/mv3lAwl/skON4iLHjSsI+c5H38=
github.com/iancoleman/strcase v0.3.0 h1:nTXanmYxhfFAMjZL34Ov6gkzEsSJZ5DbhxWjvSASxEI=
github.com/iancoleman/strcase v0.3.0/go.mod h1:iwCmte+B7n89clKwxIoIXy/HfoL7AsD47ZCWhYzw7ho=
github.com/joho/godotenv v1.5.1 h1:7eLL/+HRGLY0ldzfGMeQkb7vMd0as4CfYvUVzLqw0N0=
github.com/joho/godotenv v1.5.1/go.mod h1:f4LDr5Voq0i2e/R5DDNOoa2zzDfwtkZa6DnEwAbqwq4=
github.com/pmezard/go-difflib v1.0.0 h1:4DBwDE0NGyQoBHbLQYPwSUPoCMWR5BEzIk/f1lZbAQM=
github.com/pmezard/go-difflib v1.0.0/go.mod h1:iKH77koFhYxTK1pcRnkKkqfTogsbg7gZNVY4sRDYZ/4=
github.com/qri-io/jsonpointer v0.1.1 h1:prVZBZLL6TW5vsSB9fFHFAMBLI4b0ri5vribQlTJiBA=
github.com/qri-io/jsonpointer v0.1.1/go.mod h1:DnJPaYgiKu56EuDp8TU5wFLdZIcAnb/uH9v37ZaMV64=
github.com/qri-io/jsonschema v0.2.1 h1:NNFoKms+kut6ABPf6xiKNM5214jzxAhDBrPHCJ97Wg0=
github.com/qri-io/jsonschema v0.2.1/go.mod h1:g7DPkiOsK1xv6T/Ao5scXRkd+yTFygcANPBaaqW+VrI=
github.com/russross/blackfriday/v2 v2.1.0 h1:JIOH55/0cWyOuilr9/qlrm0BSXldqnqwMsf35Ld67mk=
github.com/russross/blackfriday/v2 v2.1.0/go.mod h1:+Rmxgy9KzJVeS9/2gXHxylqXiyQDYRxCVz55jmeOWTM=
github.com/sergi/go-diff v1.0.0 h1:Kpca3qRNrduNnOQeazBd0ysaKrUJiIuISHxogkT9RPQ=
github.com/sergi/go-diff v1.0.0/go.mod h1:0CfEIISq7TuYL3j771MWULgwwjU+GofnZX9QAmXWZgo=
github.com/stretchr/objx v0.1.0/go.mod h1:HFkY916IF+rwdDfMAkV7OtwuqBVzrE8GR6GFx+wExME=
github.com/stretchr/testify v1.3.0/go.mod h1:M5WIy9Dh21IEIfnGCwXGc5bZfKNJtfHm1UVUgZn+9EI=
github.com/stretchr/testify v1.8.4 h1:CcVxjf3Q8PM0mHUKJCdn+eZZtm5yQwehR5yeSVQQcUk=
github.com/stretchr/testify v1.8.4/go.mod h1:sz/lmYIOXD/1dqDmKjjqLyZ2RngseejIcXlSw2iwfAo=
github.com/urfave/cli/v2 v2.26.0 h1:3f3AMg3HpThFNT4I++TKOejZO8yU55t3JnnSr4S4QEI=
github.com/urfave/cli/v2 v2.26.0/go.mod h1:8qnjx1vcq5s2/wpsqoZFndg2CE5tNFyrTvS6SinrnYQ=
github.com/urfave/cli/v2 v2.27.0 h1:uNs1K8JwTFL84X68j5Fjny6hfANh9nTlJ6dRtZAFAHY=
github.com/urfave/cli/v2 v2.27.0/go.mod h1:8qnjx1vcq5s2/wpsqoZFndg2CE5tNFyrTvS6SinrnYQ=
github.com/urfave/cli/v2 v2.27.1 h1:8xSQ6szndafKVRmfyeUMxkNUJQMjL1F2zmsZ+qHpfho=
github.com/urfave/cli/v2 v2.27.1/go.mod h1:8qnjx1vcq5s2/wpsqoZFndg2CE5tNFyrTvS6SinrnYQ=
github.com/xrash/smetrics v0.0.0-20231213231151-1d8dd44e695e h1:+SOyEddqYF09QP7vr7CgJ1eti3pY9Fn3LHO1M1r/0sI=
github.com/xrash/smetrics v0.0.0-20231213231151-1d8dd44e695e/go.mod h1:N3UwUGtsrSj3ccvlPHLoLsHnpR27oXr4ZE984MbSER8=
golang.org/x/crypto v0.16.0 h1:mMMrFzRSCF0GvB7Ne27XVtVAaXLrPmgPC7/v0tkwHaY=
golang.org/x/crypto v0.16.0/go.mod h1:gCAAfMLgwOJRpTjQ2zCCt2OcSfYMTeZVSRtQlPC7Nq4=
golang.org/x/crypto v0.17.0 h1:r8bRNjWL3GshPW3gkd+RpvzWrZAwPS49OmTGZ/uhM4k=
golang.org/x/crypto v0.17.0/go.mod h1:gCAAfMLgwOJRpTjQ2zCCt2OcSfYMTeZVSRtQlPC7Nq4=
golang.org/x/crypto v0.18.0 h1:PGVlW0xEltQnzFZ55hkuX5+KLyrMYhHld1YHO4AKcdc=
golang.org/x/crypto v0.18.0/go.mod h1:R0j02AL6hcrfOiy9T4ZYp/rcWeMxM3L6QYxlOuEG1mg=
gopkg.in/check.v1 v0.0.0-20161208181325-20d25e280405 h1:yhCVgyC4o1eVCa2tZl7eS0r+SDo693bJlVdllGtEeKM=
gopkg.in/check.v1 v0.0.0-20161208181325-20d25e280405/go.mod h1:Co6ibVJAznAaIkqp8huTwlJQCZ016jof/cbN4VW5Yz0=
gopkg.in/yaml.v3 v3.0.1 h1:fxVm/GzAzEWqLHuvctI91KS9hhNmmWOoWu0XTYJS7CA=
gopkg.in/yaml.v3 v3.0.1/go.mod h1:K4uyk7z7BCEPqu6E+C64Yfv1cQ7kz7rIZviUmN+EgEM=
